
Microsoft Visual Studio Solution File, Format Version 12.00
Project("{FAE04EC0-301F-11D3-BF4B-00C04F79EFBC}") = "TestProject1", "TestProject1\TestProject1.csproj", "{C4826B14-C253-4B8A-82DE-3C10E32F595F}"
EndProject
Global
	GlobalSection(SolutionConfigurationPlatforms) = preSolution
		Debug|Any CPU = Debug|Any CPU
		Release|Any CPU = Release|Any CPU
	EndGlobalSection
	GlobalSection(ProjectConfigurationPlatforms) = postSolution
		{C4826B14-C253-4B8A-82DE-3C10E32F595F}.Debug|Any CPU.ActiveCfg = Debug|Any CPU
		{C4826B14-C253-4B8A-82DE-3C10E32F595F}.Debug|Any CPU.Build.0 = Debug|Any CPU
		{C4826B14-C253-4B8A-82DE-3C10E32F595F}.Release|Any CPU.ActiveCfg = Release|Any CPU
		{C4826B14-C253-4B8A-82DE-3C10E32F595F}.Release|Any CPU.Build.0 = Release|Any CPU
	EndGlobalSection
EndGlobal
